// !$*UTF8*$!
{
	archiveVersion = 1;
	classes = {
	};
	objectVersion = 70;
	objects = {

/* Begin PBXBuildFile section */
		842DCC4F2D9D695E00ACA71D /* Refresher in Frameworks */ = {isa = PBXBuildFile; productRef = 842DCC4E2D9D695E00ACA71D /* Refresher */; };
		842DCC522D9D697D00ACA71D /* ExyteGrid in Frameworks */ = {isa = PBXBuildFile; productRef = 842DCC512D9D697D00ACA71D /* ExyteGrid */; };
		842DCC542D9D69C900ACA71D /* HelloApp.swift in Sources */ = {isa = PBXBuildFile; fileRef = 842DCC532D9D69C900ACA71D /* HelloApp.swift */; };
		84376EDC2D0202DC00E53905 /* Localizable.xcstrings in Resources */ = {isa = PBXBuildFile; fileRef = 84376EDB2D0202DC00E53905 /* Localizable.xcstrings */; };
		8447A4F72D1469C7001BBAAE /* TrolltasticView.swift in Sources */ = {isa = PBXBuildFile; fileRef = 8447A4F62D1469C4001BBAAE /* TrolltasticView.swift */; };
		8479F38B2D788F4100858CE9 /* ZTronHomeBackup.swift in Sources */ = {isa = PBXBuildFile; fileRef = 8479F38A2D788F3E00858CE9 /* ZTronHomeBackup.swift */; };
		8479F3902D78A54D00858CE9 /* CustomTextFieldStyle.swift in Sources */ = {isa = PBXBuildFile; fileRef = 8479F38F2D78A54600858CE9 /* CustomTextFieldStyle.swift */; };
		8485B4A42C8FBB820018CAA1 /* ContentView.swift in Sources */ = {isa = PBXBuildFile; fileRef = 8485B4A32C8FBB820018CAA1 /* ContentView.swift */; };
		8485B4A62C8FBB820018CAA1 /* Assets.xcassets in Resources */ = {isa = PBXBuildFile; fileRef = 8485B4A52C8FBB820018CAA1 /* Assets.xcassets */; };
		8485B4A92C8FBB820018CAA1 /* Preview Assets.xcassets in Resources */ = {isa = PBXBuildFile; fileRef = 8485B4A82C8FBB820018CAA1 /* Preview Assets.xcassets */; };
		8485B4B32C8FBB830018CAA1 /* HelloTests.swift in Sources */ = {isa = PBXBuildFile; fileRef = 8485B4B22C8FBB830018CAA1 /* HelloTests.swift */; };
		8485B4BD2C8FBB830018CAA1 /* HelloUITests.swift in Sources */ = {isa = PBXBuildFile; fileRef = 8485B4BC2C8FBB830018CAA1 /* HelloUITests.swift */; };
		8485B4BF2C8FBB830018CAA1 /* HelloUITestsLaunchTests.swift in Sources */ = {isa = PBXBuildFile; fileRef = 8485B4BE2C8FBB830018CAA1 /* HelloUITestsLaunchTests.swift */; };
		84A35B462DAE82C000B4B656 /* TabBarModule in Frameworks */ = {isa = PBXBuildFile; productRef = 84A35B452DAE82C000B4B656 /* TabBarModule */; };
		84B1ECC72DB26A810078A0E0 /* HomePageModel.swift in Sources */ = {isa = PBXBuildFile; fileRef = 84B1ECC62DB26A7C0078A0E0 /* HomePageModel.swift */; };
		84B1EF612DB272290078A0E0 /* FloatingButton in Frameworks */ = {isa = PBXBuildFile; productRef = 84B1EF602DB272290078A0E0 /* FloatingButton */; };
		84B1EF632DB275030078A0E0 /* ZTronFiltersFloatingButton.swift in Sources */ = {isa = PBXBuildFile; fileRef = 84B1EF622DB274F50078A0E0 /* ZTronFiltersFloatingButton.swift */; };
		84B394862DAFFD0800BAEDBB /* KeyboardReadable.swift in Sources */ = {isa = PBXBuildFile; fileRef = 84B394852DAFFD0300BAEDBB /* KeyboardReadable.swift */; };
		84B397262DB05C1500BAEDBB /* ZTronHome.swift in Sources */ = {isa = PBXBuildFile; fileRef = 84B397252DB05C1300BAEDBB /* ZTronHome.swift */; };
		84BD32DC2DABF99000113BD2 /* Pages in Frameworks */ = {isa = PBXBuildFile; productRef = 84BD32DB2DABF99000113BD2 /* Pages */; };
		84E675A22DB3C87C00EAAF89 /* ZTronToolsSelection.swift in Sources */ = {isa = PBXBuildFile; fileRef = 84E675A12DB3C87400EAAF89 /* ZTronToolsSelection.swift */; };
		84E6783B2DB3CA0300EAAF89 /* DraggableHeader.swift in Sources */ = {isa = PBXBuildFile; fileRef = 84E6783A2DB3CA0000EAAF89 /* DraggableHeader.swift */; };
		84E6783E2DB3D86F00EAAF89 /* Lottie in Frameworks */ = {isa = PBXBuildFile; productRef = 84E6783D2DB3D86F00EAAF89 /* Lottie */; };
		84E678422DB3DAE200EAAF89 /* heart.json in Resources */ = {isa = PBXBuildFile; fileRef = 84E678412DB3DAE200EAAF89 /* heart.json */; };
/* End PBXBuildFile section */

/* Begin PBXContainerItemProxy section */
		8485B4AF2C8FBB830018CAA1 /* PBXContainerItemProxy */ = {
			isa = PBXContainerItemProxy;
			containerPortal = 8485B4962C8FBB810018CAA1 /* Project object */;
			proxyType = 1;
			remoteGlobalIDString = 8485B49D2C8FBB820018CAA1;
			remoteInfo = Hello;
		};
		8485B4B92C8FBB830018CAA1 /* PBXContainerItemProxy */ = {
			isa = PBXContainerItemProxy;
			containerPortal = 8485B4962C8FBB810018CAA1 /* Project object */;
			proxyType = 1;
			remoteGlobalIDString = 8485B49D2C8FBB820018CAA1;
			remoteInfo = Hello;
		};
/* End PBXContainerItemProxy section */

/* Begin PBXFileReference section */
		842DCC532D9D69C900ACA71D /* HelloApp.swift */ = {isa = PBXFileReference; lastKnownFileType = sourcecode.swift; path = HelloApp.swift; sourceTree = "<group>"; };
		84376EDB2D0202DC00E53905 /* Localizable.xcstrings */ = {isa = PBXFileReference; lastKnownFileType = text.json.xcstrings; path = Localizable.xcstrings; sourceTree = "<group>"; };
		8447A4F62D1469C4001BBAAE /* TrolltasticView.swift */ = {isa = PBXFileReference; lastKnownFileType = sourcecode.swift; path = TrolltasticView.swift; sourceTree = "<group>"; };
		8479F38A2D788F3E00858CE9 /* ZTronHomeBackup.swift */ = {isa = PBXFileReference; lastKnownFileType = sourcecode.swift; path = ZTronHomeBackup.swift; sourceTree = "<group>"; };
		8479F38F2D78A54600858CE9 /* CustomTextFieldStyle.swift */ = {isa = PBXFileReference; lastKnownFileType = sourcecode.swift; path = CustomTextFieldStyle.swift; sourceTree = "<group>"; };
		8485B49E2C8FBB820018CAA1 /* Hello.app */ = {isa = PBXFileReference; explicitFileType = wrapper.application; includeInIndex = 0; path = Hello.app; sourceTree = BUILT_PRODUCTS_DIR; };
		8485B4A32C8FBB820018CAA1 /* ContentView.swift */ = {isa = PBXFileReference; lastKnownFileType = sourcecode.swift; path = ContentView.swift; sourceTree = "<group>"; };
		8485B4A52C8FBB820018CAA1 /* Assets.xcassets */ = {isa = PBXFileReference; lastKnownFileType = folder.assetcatalog; path = Assets.xcassets; sourceTree = "<group>"; };
		8485B4A82C8FBB820018CAA1 /* Preview Assets.xcassets */ = {isa = PBXFileReference; lastKnownFileType = folder.assetcatalog; path = "Preview Assets.xcassets"; sourceTree = "<group>"; };
		8485B4AE2C8FBB830018CAA1 /* HelloTests.xctest */ = {isa = PBXFileReference; explicitFileType = wrapper.cfbundle; includeInIndex = 0; path = HelloTests.xctest; sourceTree = BUILT_PRODUCTS_DIR; };
		8485B4B22C8FBB830018CAA1 /* HelloTests.swift */ = {isa = PBXFileReference; lastKnownFileType = sourcecode.swift; path = HelloTests.swift; sourceTree = "<group>"; };
		8485B4B82C8FBB830018CAA1 /* HelloUITests.xctest */ = {isa = PBXFileReference; explicitFileType = wrapper.cfbundle; includeInIndex = 0; path = HelloUITests.xctest; sourceTree = BUILT_PRODUCTS_DIR; };
		8485B4BC2C8FBB830018CAA1 /* HelloUITests.swift */ = {isa = PBXFileReference; lastKnownFileType = sourcecode.swift; path = HelloUITests.swift; sourceTree = "<group>"; };
		8485B4BE2C8FBB830018CAA1 /* HelloUITestsLaunchTests.swift */ = {isa = PBXFileReference; lastKnownFileType = sourcecode.swift; path = HelloUITestsLaunchTests.swift; sourceTree = "<group>"; };
		84B1ECC62DB26A7C0078A0E0 /* HomePageModel.swift */ = {isa = PBXFileReference; lastKnownFileType = sourcecode.swift; path = HomePageModel.swift; sourceTree = "<group>"; };
		84B1EF622DB274F50078A0E0 /* ZTronFiltersFloatingButton.swift */ = {isa = PBXFileReference; lastKnownFileType = sourcecode.swift; path = ZTronFiltersFloatingButton.swift; sourceTree = "<group>"; };
		84B394852DAFFD0300BAEDBB /* KeyboardReadable.swift */ = {isa = PBXFileReference; lastKnownFileType = sourcecode.swift; path = KeyboardReadable.swift; sourceTree = "<group>"; };
		84B397252DB05C1300BAEDBB /* ZTronHome.swift */ = {isa = PBXFileReference; lastKnownFileType = sourcecode.swift; path = ZTronHome.swift; sourceTree = "<group>"; };
		84E675A12DB3C87400EAAF89 /* ZTronToolsSelection.swift */ = {isa = PBXFileReference; lastKnownFileType = sourcecode.swift; path = ZTronToolsSelection.swift; sourceTree = "<group>"; };
		84E6783A2DB3CA0000EAAF89 /* DraggableHeader.swift */ = {isa = PBXFileReference; lastKnownFileType = sourcecode.swift; path = DraggableHeader.swift; sourceTree = "<group>"; };
		84E678412DB3DAE200EAAF89 /* heart.json */ = {isa = PBXFileReference; lastKnownFileType = text.json; path = heart.json; sourceTree = "<group>"; };
/* End PBXFileReference section */

/* Begin PBXFileSystemSynchronizedRootGroup section */
		8479F3822D7887B800858CE9 /* Extension */ = {isa = PBXFileSystemSynchronizedRootGroup; explicitFileTypes = {}; explicitFolders = (); path = Extension; sourceTree = "<group>"; };
		84B394872DB0454600BAEDBB /* Components */ = {isa = PBXFileSystemSynchronizedRootGroup; explicitFileTypes = {}; explicitFolders = (); path = Components; sourceTree = "<group>"; };
/* End PBXFileSystemSynchronizedRootGroup section */

/* Begin PBXFrameworksBuildPhase section */
		8485B49B2C8FBB820018CAA1 /* Frameworks */ = {
			isa = PBXFrameworksBuildPhase;
			buildActionMask = 2147483647;
			files = (
				84BD32DC2DABF99000113BD2 /* Pages in Frameworks */,
				842DCC522D9D697D00ACA71D /* ExyteGrid in Frameworks */,
				84A35B462DAE82C000B4B656 /* TabBarModule in Frameworks */,
				84B1EF612DB272290078A0E0 /* FloatingButton in Frameworks */,
				842DCC4F2D9D695E00ACA71D /* Refresher in Frameworks */,
				84E6783E2DB3D86F00EAAF89 /* Lottie in Frameworks */,
			);
			runOnlyForDeploymentPostprocessing = 0;
		};
		8485B4AB2C8FBB830018CAA1 /* Frameworks */ = {
			isa = PBXFrameworksBuildPhase;
			buildActionMask = 2147483647;
			files = (
			);
			runOnlyForDeploymentPostprocessing = 0;
		};
		8485B4B52C8FBB830018CAA1 /* Frameworks */ = {
			isa = PBXFrameworksBuildPhase;
			buildActionMask = 2147483647;
			files = (
			);
			runOnlyForDeploymentPostprocessing = 0;
		};
/* End PBXFrameworksBuildPhase section */

/* Begin PBXGroup section */
		39B93CF9844960B74FDD9EBA /* Pods */ = {
			isa = PBXGroup;
			children = (
			);
			path = Pods;
			sourceTree = "<group>";
		};
		8485B4952C8FBB810018CAA1 = {
			isa = PBXGroup;
			children = (
				84376EDB2D0202DC00E53905 /* Localizable.xcstrings */,
				8485B4A02C8FBB820018CAA1 /* Hello */,
				8485B4B12C8FBB830018CAA1 /* HelloTests */,
				8485B4BB2C8FBB830018CAA1 /* HelloUITests */,
				8485B49F2C8FBB820018CAA1 /* Products */,
				39B93CF9844960B74FDD9EBA /* Pods */,
			);
			sourceTree = "<group>";
		};
		8485B49F2C8FBB820018CAA1 /* Products */ = {
			isa = PBXGroup;
			children = (
				8485B49E2C8FBB820018CAA1 /* Hello.app */,
				8485B4AE2C8FBB830018CAA1 /* HelloTests.xctest */,
				8485B4B82C8FBB830018CAA1 /* HelloUITests.xctest */,
			);
			name = Products;
			sourceTree = "<group>";
		};
		8485B4A02C8FBB820018CAA1 /* Hello */ = {
			isa = PBXGroup;
			children = (
				84E678412DB3DAE200EAAF89 /* heart.json */,
				84E6783A2DB3CA0000EAAF89 /* DraggableHeader.swift */,
				84E675A12DB3C87400EAAF89 /* ZTronToolsSelection.swift */,
				84B1EF622DB274F50078A0E0 /* ZTronFiltersFloatingButton.swift */,
				84B1ECC62DB26A7C0078A0E0 /* HomePageModel.swift */,
				84B397252DB05C1300BAEDBB /* ZTronHome.swift */,
				84B394872DB0454600BAEDBB /* Components */,
				84B394852DAFFD0300BAEDBB /* KeyboardReadable.swift */,
				8479F38F2D78A54600858CE9 /* CustomTextFieldStyle.swift */,
				8479F38A2D788F3E00858CE9 /* ZTronHomeBackup.swift */,
				8479F3822D7887B800858CE9 /* Extension */,
				8447A4F62D1469C4001BBAAE /* TrolltasticView.swift */,
				8485B4A32C8FBB820018CAA1 /* ContentView.swift */,
				8485B4A52C8FBB820018CAA1 /* Assets.xcassets */,
				8485B4A72C8FBB820018CAA1 /* Preview Content */,
				842DCC532D9D69C900ACA71D /* HelloApp.swift */,
			);
			path = Hello;
			sourceTree = "<group>";
		};
		8485B4A72C8FBB820018CAA1 /* Preview Content */ = {
			isa = PBXGroup;
			children = (
				8485B4A82C8FBB820018CAA1 /* Preview Assets.xcassets */,
			);
			path = "Preview Content";
			sourceTree = "<group>";
		};
		8485B4B12C8FBB830018CAA1 /* HelloTests */ = {
			isa = PBXGroup;
			children = (
				8485B4B22C8FBB830018CAA1 /* HelloTests.swift */,
			);
			path = HelloTests;
			sourceTree = "<group>";
		};
		8485B4BB2C8FBB830018CAA1 /* HelloUITests */ = {
			isa = PBXGroup;
			children = (
				8485B4BC2C8FBB830018CAA1 /* HelloUITests.swift */,
				8485B4BE2C8FBB830018CAA1 /* HelloUITestsLaunchTests.swift */,
			);
			path = HelloUITests;
			sourceTree = "<group>";
		};
/* End PBXGroup section */

/* Begin PBXNativeTarget section */
		8485B49D2C8FBB820018CAA1 /* Hello */ = {
			isa = PBXNativeTarget;
			buildConfigurationList = 8485B4C22C8FBB830018CAA1 /* Build configuration list for PBXNativeTarget "Hello" */;
			buildPhases = (
				8485B49A2C8FBB820018CAA1 /* Sources */,
				8485B49B2C8FBB820018CAA1 /* Frameworks */,
				8485B49C2C8FBB820018CAA1 /* Resources */,
			);
			buildRules = (
			);
			dependencies = (
			);
			fileSystemSynchronizedGroups = (
				8479F3822D7887B800858CE9 /* Extension */,
				84B394872DB0454600BAEDBB /* Components */,
			);
			name = Hello;
			productName = Hello;
			productReference = 8485B49E2C8FBB820018CAA1 /* Hello.app */;
			productType = "com.apple.product-type.application";
		};
		8485B4AD2C8FBB830018CAA1 /* HelloTests */ = {
			isa = PBXNativeTarget;
			buildConfigurationList = 8485B4C52C8FBB830018CAA1 /* Build configuration list for PBXNativeTarget "HelloTests" */;
			buildPhases = (
				8485B4AA2C8FBB830018CAA1 /* Sources */,
				8485B4AB2C8FBB830018CAA1 /* Frameworks */,
				8485B4AC2C8FBB830018CAA1 /* Resources */,
			);
			buildRules = (
			);
			dependencies = (
				8485B4B02C8FBB830018CAA1 /* PBXTargetDependency */,
			);
			name = HelloTests;
			productName = HelloTests;
			productReference = 8485B4AE2C8FBB830018CAA1 /* HelloTests.xctest */;
			productType = "com.apple.product-type.bundle.unit-test";
		};
		8485B4B72C8FBB830018CAA1 /* HelloUITests */ = {
			isa = PBXNativeTarget;
			buildConfigurationList = 8485B4C82C8FBB830018CAA1 /* Build configuration list for PBXNativeTarget "HelloUITests" */;
			buildPhases = (
				8485B4B42C8FBB830018CAA1 /* Sources */,
				8485B4B52C8FBB830018CAA1 /* Frameworks */,
				8485B4B62C8FBB830018CAA1 /* Resources */,
			);
			buildRules = (
			);
			dependencies = (
				8485B4BA2C8FBB830018CAA1 /* PBXTargetDependency */,
			);
			name = HelloUITests;
			productName = HelloUITests;
			productReference = 8485B4B82C8FBB830018CAA1 /* HelloUITests.xctest */;
			productType = "com.apple.product-type.bundle.ui-testing";
		};
/* End PBXNativeTarget section */

/* Begin PBXProject section */
		8485B4962C8FBB810018CAA1 /* Project object */ = {
			isa = PBXProject;
			attributes = {
				LastSwiftUpdateCheck = 1540;
				LastUpgradeCheck = 1540;
				TargetAttributes = {
					8485B49D2C8FBB820018CAA1 = {
						CreatedOnToolsVersion = 15.4;
					};
					8485B4AD2C8FBB830018CAA1 = {
						CreatedOnToolsVersion = 15.4;
						TestTargetID = 8485B49D2C8FBB820018CAA1;
					};
					8485B4B72C8FBB830018CAA1 = {
						CreatedOnToolsVersion = 15.4;
						TestTargetID = 8485B49D2C8FBB820018CAA1;
					};
				};
			};
			buildConfigurationList = 8485B4992C8FBB810018CAA1 /* Build configuration list for PBXProject "Hello" */;
			compatibilityVersion = "Xcode 15.3";
			developmentRegion = en;
			hasScannedForEncodings = 0;
			knownRegions = (
				en,
				Base,
				it,
			);
			mainGroup = 8485B4952C8FBB810018CAA1;
			packageReferences = (
				8479F38C2D78A1C900858CE9 /* XCRemoteSwiftPackageReference "SwiftUI-Refresher" */,
				842DCC502D9D697D00ACA71D /* XCRemoteSwiftPackageReference "Grid" */,
				84BD32DA2DABF99000113BD2 /* XCRemoteSwiftPackageReference "Pages" */,
				84A35B442DAE82C000B4B656 /* XCRemoteSwiftPackageReference "swiftui-tab-bar" */,
				84B1EF5F2DB272290078A0E0 /* XCRemoteSwiftPackageReference "FloatingButton" */,
				84E6783C2DB3D86F00EAAF89 /* XCRemoteSwiftPackageReference "lottie-ios" */,
			);
			productRefGroup = 8485B49F2C8FBB820018CAA1 /* Products */;
			projectDirPath = "";
			projectRoot = "";
			targets = (
				8485B49D2C8FBB820018CAA1 /* Hello */,
				8485B4AD2C8FBB830018CAA1 /* HelloTests */,
				8485B4B72C8FBB830018CAA1 /* HelloUITests */,
			);
		};
/* End PBXProject section */

/* Begin PBXResourcesBuildPhase section */
		8485B49C2C8FBB820018CAA1 /* Resources */ = {
			isa = PBXResourcesBuildPhase;
			buildActionMask = 2147483647;
			files = (
				8485B4A92C8FBB820018CAA1 /* Preview Assets.xcassets in Resources */,
				84376EDC2D0202DC00E53905 /* Localizable.xcstrings in Resources */,
				84E678422DB3DAE200EAAF89 /* heart.json in Resources */,
				8485B4A62C8FBB820018CAA1 /* Assets.xcassets in Resources */,
			);
			runOnlyForDeploymentPostprocessing = 0;
		};
		8485B4AC2C8FBB830018CAA1 /* Resources */ = {
			isa = PBXResourcesBuildPhase;
			buildActionMask = 2147483647;
			files = (
			);
			runOnlyForDeploymentPostprocessing = 0;
		};
		8485B4B62C8FBB830018CAA1 /* Resources */ = {
			isa = PBXResourcesBuildPhase;
			buildActionMask = 2147483647;
			files = (
			);
			runOnlyForDeploymentPostprocessing = 0;
		};
/* End PBXResourcesBuildPhase section */

/* Begin PBXSourcesBuildPhase section */
		8485B49A2C8FBB820018CAA1 /* Sources */ = {
			isa = PBXSourcesBuildPhase;
			buildActionMask = 2147483647;
			files = (
				8485B4A42C8FBB820018CAA1 /* ContentView.swift in Sources */,
				84B397262DB05C1500BAEDBB /* ZTronHome.swift in Sources */,
				84B1EF632DB275030078A0E0 /* ZTronFiltersFloatingButton.swift in Sources */,
				84B394862DAFFD0800BAEDBB /* KeyboardReadable.swift in Sources */,
				84B1ECC72DB26A810078A0E0 /* HomePageModel.swift in Sources */,
				842DCC542D9D69C900ACA71D /* HelloApp.swift in Sources */,
				84E675A22DB3C87C00EAAF89 /* ZTronToolsSelection.swift in Sources */,
				8479F38B2D788F4100858CE9 /* ZTronHomeBackup.swift in Sources */,
				84E6783B2DB3CA0300EAAF89 /* DraggableHeader.swift in Sources */,
				8479F3902D78A54D00858CE9 /* CustomTextFieldStyle.swift in Sources */,
				8447A4F72D1469C7001BBAAE /* TrolltasticView.swift in Sources */,
			);
			runOnlyForDeploymentPostprocessing = 0;
		};
		8485B4AA2C8FBB830018CAA1 /* Sources */ = {
			isa = PBXSourcesBuildPhase;
			buildActionMask = 2147483647;
			files = (
				8485B4B32C8FBB830018CAA1 /* HelloTests.swift in Sources */,
			);
			runOnlyForDeploymentPostprocessing = 0;
		};
		8485B4B42C8FBB830018CAA1 /* Sources */ = {
			isa = PBXSourcesBuildPhase;
			buildActionMask = 2147483647;
			files = (
				8485B4BD2C8FBB830018CAA1 /* HelloUITests.swift in Sources */,
				8485B4BF2C8FBB830018CAA1 /* HelloUITestsLaunchTests.swift in Sources */,
			);
			runOnlyForDeploymentPostprocessing = 0;
		};
/* End PBXSourcesBuildPhase section */

/* Begin PBXTargetDependency section */
		8485B4B02C8FBB830018CAA1 /* PBXTargetDependency */ = {
			isa = PBXTargetDependency;
			target = 8485B49D2C8FBB820018CAA1 /* Hello */;
			targetProxy = 8485B4AF2C8FBB830018CAA1 /* PBXContainerItemProxy */;
		};
		8485B4BA2C8FBB830018CAA1 /* PBXTargetDependency */ = {
			isa = PBXTargetDependency;
			target = 8485B49D2C8FBB820018CAA1 /* Hello */;
			targetProxy = 8485B4B92C8FBB830018CAA1 /* PBXContainerItemProxy */;
		};
/* End PBXTargetDependency section */

/* Begin XCBuildConfiguration section */
		8485B4C02C8FBB830018CAA1 /* Debug */ = {
			isa = XCBuildConfiguration;
			buildSettings = {
				ALWAYS_SEARCH_USER_PATHS = NO;
				ASSETCATALOG_COMPILER_GENERATE_SWIFT_ASSET_SYMBOL_EXTENSIONS = YES;
				CLANG_ANALYZER_NONNULL = YES;
				CLANG_ANALYZER_NUMBER_OBJECT_CONVERSION = YES_AGGRESSIVE;
				CLANG_CXX_LANGUAGE_STANDARD = "gnu++20";
				CLANG_ENABLE_MODULES = YES;
				CLANG_ENABLE_OBJC_ARC = YES;
				CLANG_ENABLE_OBJC_WEAK = YES;
				CLANG_WARN_BLOCK_CAPTURE_AUTORELEASING = YES;
				CLANG_WARN_BOOL_CONVERSION = YES;
				CLANG_WARN_COMMA = YES;
				CLANG_WARN_CONSTANT_CONVERSION = YES;
				CLANG_WARN_DEPRECATED_OBJC_IMPLEMENTATIONS = YES;
				CLANG_WARN_DIRECT_OBJC_ISA_USAGE = YES_ERROR;
				CLANG_WARN_DOCUMENTATION_COMMENTS = YES;
				CLANG_WARN_EMPTY_BODY = YES;
				CLANG_WARN_ENUM_CONVERSION = YES;
				CLANG_WARN_INFINITE_RECURSION = YES;
				CLANG_WARN_INT_CONVERSION = YES;
				CLANG_WARN_NON_LITERAL_NULL_CONVERSION = YES;
				CLANG_WARN_OBJC_IMPLICIT_RETAIN_SELF = YES;
				CLANG_WARN_OBJC_LITERAL_CONVERSION = YES;
				CLANG_WARN_OBJC_ROOT_CLASS = YES_ERROR;
				CLANG_WARN_QUOTED_INCLUDE_IN_FRAMEWORK_HEADER = YES;
				CLANG_WARN_RANGE_LOOP_ANALYSIS = YES;
				CLANG_WARN_STRICT_PROTOTYPES = YES;
				CLANG_WARN_SUSPICIOUS_MOVE = YES;
				CLANG_WARN_UNGUARDED_AVAILABILITY = YES_AGGRESSIVE;
				CLANG_WARN_UNREACHABLE_CODE = YES;
				CLANG_WARN__DUPLICATE_METHOD_MATCH = YES;
				COPY_PHASE_STRIP = NO;
				DEBUG_INFORMATION_FORMAT = dwarf;
				ENABLE_STRICT_OBJC_MSGSEND = YES;
				ENABLE_TESTABILITY = YES;
				ENABLE_USER_SCRIPT_SANDBOXING = YES;
				GCC_C_LANGUAGE_STANDARD = gnu17;
				GCC_DYNAMIC_NO_PIC = NO;
				GCC_NO_COMMON_BLOCKS = YES;
				GCC_OPTIMIZATION_LEVEL = 0;
				GCC_PREPROCESSOR_DEFINITIONS = (
					"DEBUG=1",
					"$(inherited)",
				);
				GCC_WARN_64_TO_32_BIT_CONVERSION = YES;
				GCC_WARN_ABOUT_RETURN_TYPE = YES_ERROR;
				GCC_WARN_UNDECLARED_SELECTOR = YES;
				GCC_WARN_UNINITIALIZED_AUTOS = YES_AGGRESSIVE;
				GCC_WARN_UNUSED_FUNCTION = YES;
				GCC_WARN_UNUSED_VARIABLE = YES;
				IPHONEOS_DEPLOYMENT_TARGET = 15.6;
				LOCALIZATION_PREFERS_STRING_CATALOGS = YES;
				MTL_ENABLE_DEBUG_INFO = INCLUDE_SOURCE;
				MTL_FAST_MATH = YES;
				ONLY_ACTIVE_ARCH = YES;
				SDKROOT = iphoneos;
				SWIFT_ACTIVE_COMPILATION_CONDITIONS = "DEBUG $(inherited)";
				SWIFT_EMIT_LOC_STRINGS = YES;
				SWIFT_OPTIMIZATION_LEVEL = "-Onone";
			};
			name = Debug;
		};
		8485B4C12C8FBB830018CAA1 /* Release */ = {
			isa = XCBuildConfiguration;
			buildSettings = {
				ALWAYS_SEARCH_USER_PATHS = NO;
				ASSETCATALOG_COMPILER_GENERATE_SWIFT_ASSET_SYMBOL_EXTENSIONS = YES;
				CLANG_ANALYZER_NONNULL = YES;
				CLANG_ANALYZER_NUMBER_OBJECT_CONVERSION = YES_AGGRESSIVE;
				CLANG_CXX_LANGUAGE_STANDARD = "gnu++20";
				CLANG_ENABLE_MODULES = YES;
				CLANG_ENABLE_OBJC_ARC = YES;
				CLANG_ENABLE_OBJC_WEAK = YES;
				CLANG_WARN_BLOCK_CAPTURE_AUTORELEASING = YES;
				CLANG_WARN_BOOL_CONVERSION = YES;
				CLANG_WARN_COMMA = YES;
				CLANG_WARN_CONSTANT_CONVERSION = YES;
				CLANG_WARN_DEPRECATED_OBJC_IMPLEMENTATIONS = YES;
				CLANG_WARN_DIRECT_OBJC_ISA_USAGE = YES_ERROR;
				CLANG_WARN_DOCUMENTATION_COMMENTS = YES;
				CLANG_WARN_EMPTY_BODY = YES;
				CLANG_WARN_ENUM_CONVERSION = YES;
				CLANG_WARN_INFINITE_RECURSION = YES;
				CLANG_WARN_INT_CONVERSION = YES;
				CLANG_WARN_NON_LITERAL_NULL_CONVERSION = YES;
				CLANG_WARN_OBJC_IMPLICIT_RETAIN_SELF = YES;
				CLANG_WARN_OBJC_LITERAL_CONVERSION = YES;
				CLANG_WARN_OBJC_ROOT_CLASS = YES_ERROR;
				CLANG_WARN_QUOTED_INCLUDE_IN_FRAMEWORK_HEADER = YES;
				CLANG_WARN_RANGE_LOOP_ANALYSIS = YES;
				CLANG_WARN_STRICT_PROTOTYPES = YES;
				CLANG_WARN_SUSPICIOUS_MOVE = YES;
				CLANG_WARN_UNGUARDED_AVAILABILITY = YES_AGGRESSIVE;
				CLANG_WARN_UNREACHABLE_CODE = YES;
				CLANG_WARN__DUPLICATE_METHOD_MATCH = YES;
				COPY_PHASE_STRIP = NO;
				DEBUG_INFORMATION_FORMAT = "dwarf-with-dsym";
				ENABLE_NS_ASSERTIONS = NO;
				ENABLE_STRICT_OBJC_MSGSEND = YES;
				ENABLE_USER_SCRIPT_SANDBOXING = YES;
				GCC_C_LANGUAGE_STANDARD = gnu17;
				GCC_NO_COMMON_BLOCKS = YES;
				GCC_WARN_64_TO_32_BIT_CONVERSION = YES;
				GCC_WARN_ABOUT_RETURN_TYPE = YES_ERROR;
				GCC_WARN_UNDECLARED_SELECTOR = YES;
				GCC_WARN_UNINITIALIZED_AUTOS = YES_AGGRESSIVE;
				GCC_WARN_UNUSED_FUNCTION = YES;
				GCC_WARN_UNUSED_VARIABLE = YES;
				IPHONEOS_DEPLOYMENT_TARGET = 15.6;
				LOCALIZATION_PREFERS_STRING_CATALOGS = YES;
				MTL_ENABLE_DEBUG_INFO = NO;
				MTL_FAST_MATH = YES;
				SDKROOT = iphoneos;
				SWIFT_COMPILATION_MODE = wholemodule;
				SWIFT_EMIT_LOC_STRINGS = YES;
				VALIDATE_PRODUCT = YES;
			};
			name = Release;
		};
		8485B4C32C8FBB830018CAA1 /* Debug */ = {
			isa = XCBuildConfiguration;
			buildSettings = {
				ASSETCATALOG_COMPILER_APPICON_NAME = AppIcon;
				ASSETCATALOG_COMPILER_GLOBAL_ACCENT_COLOR_NAME = AccentColor;
				CODE_SIGN_STYLE = Automatic;
				CURRENT_PROJECT_VERSION = 1;
				DEVELOPMENT_ASSET_PATHS = "\"Hello/Preview Content\"";
				DEVELOPMENT_TEAM = XR9245G3HG;
				ENABLE_PREVIEWS = YES;
				ENABLE_USER_SCRIPT_SANDBOXING = NO;
				GENERATE_INFOPLIST_FILE = YES;
				INFOPLIST_KEY_UIApplicationSceneManifest_Generation = YES;
				INFOPLIST_KEY_UIApplicationSupportsIndirectInputEvents = YES;
				INFOPLIST_KEY_UILaunchScreen_Generation = YES;
				INFOPLIST_KEY_UISupportedInterfaceOrientations_iPad = "UIInterfaceOrientationPortrait UIInterfaceOrientationPortraitUpsideDown UIInterfaceOrientationLandscapeLeft UIInterfaceOrientationLandscapeRight";
				INFOPLIST_KEY_UISupportedInterfaceOrientations_iPhone = "UIInterfaceOrientationPortrait UIInterfaceOrientationLandscapeLeft UIInterfaceOrientationLandscapeRight";
				IPHONEOS_DEPLOYMENT_TARGET = 15.0;
				LD_RUNPATH_SEARCH_PATHS = (
					"$(inherited)",
					"@executable_path/Frameworks",
				);
				MARKETING_VERSION = 1.0;
				PRODUCT_BUNDLE_IDENTIFIER = com.zombietron.Hello;
				PRODUCT_NAME = "$(TARGET_NAME)";
				SWIFT_EMIT_LOC_STRINGS = YES;
				SWIFT_VERSION = 6.0;
				TARGETED_DEVICE_FAMILY = "1,2";
			};
			name = Debug;
		};
		8485B4C42C8FBB830018CAA1 /* Release */ = {
			isa = XCBuildConfiguration;
			buildSettings = {
				ASSETCATALOG_COMPILER_APPICON_NAME = AppIcon;
				ASSETCATALOG_COMPILER_GLOBAL_ACCENT_COLOR_NAME = AccentColor;
				CODE_SIGN_STYLE = Automatic;
				CURRENT_PROJECT_VERSION = 1;
				DEVELOPMENT_ASSET_PATHS = "\"Hello/Preview Content\"";
				DEVELOPMENT_TEAM = XR9245G3HG;
				ENABLE_PREVIEWS = YES;
				ENABLE_USER_SCRIPT_SANDBOXING = NO;
				GENERATE_INFOPLIST_FILE = YES;
				INFOPLIST_KEY_UIApplicationSceneManifest_Generation = YES;
				INFOPLIST_KEY_UIApplicationSupportsIndirectInputEvents = YES;
				INFOPLIST_KEY_UILaunchScreen_Generation = YES;
				INFOPLIST_KEY_UISupportedInterfaceOrientations_iPad = "UIInterfaceOrientationPortrait UIInterfaceOrientationPortraitUpsideDown UIInterfaceOrientationLandscapeLeft UIInterfaceOrientationLandscapeRight";
				INFOPLIST_KEY_UISupportedInterfaceOrientations_iPhone = "UIInterfaceOrientationPortrait UIInterfaceOrientationLandscapeLeft UIInterfaceOrientationLandscapeRight";
				IPHONEOS_DEPLOYMENT_TARGET = 15.0;
				LD_RUNPATH_SEARCH_PATHS = (
					"$(inherited)",
					"@executable_path/Frameworks",
				);
				MARKETING_VERSION = 1.0;
				PRODUCT_BUNDLE_IDENTIFIER = com.zombietron.Hello;
				PRODUCT_NAME = "$(TARGET_NAME)";
				SWIFT_EMIT_LOC_STRINGS = YES;
				SWIFT_VERSION = 6.0;
				TARGETED_DEVICE_FAMILY = "1,2";
			};
			name = Release;
		};
		8485B4C62C8FBB830018CAA1 /* Debug */ = {
			isa = XCBuildConfiguration;
			buildSettings = {
				ALWAYS_EMBED_SWIFT_STANDARD_LIBRARIES = YES;
				BUNDLE_LOADER = "$(TEST_HOST)";
				CODE_SIGN_STYLE = Automatic;
				CURRENT_PROJECT_VERSION = 1;
				DEVELOPMENT_TEAM = XR9245G3HG;
				GENERATE_INFOPLIST_FILE = YES;
				IPHONEOS_DEPLOYMENT_TARGET = 17.5;
				MARKETING_VERSION = 1.0;
				PRODUCT_BUNDLE_IDENTIFIER = com.zombietron.HelloTests;
				PRODUCT_NAME = "$(TARGET_NAME)";
				SWIFT_EMIT_LOC_STRINGS = NO;
				SWIFT_VERSION = 5.0;
				TARGETED_DEVICE_FAMILY = "1,2";
				TEST_HOST = "$(BUILT_PRODUCTS_DIR)/Hello.app/$(BUNDLE_EXECUTABLE_FOLDER_PATH)/Hello";
			};
			name = Debug;
		};
		8485B4C72C8FBB830018CAA1 /* Release */ = {
			isa = XCBuildConfiguration;
			buildSettings = {
				ALWAYS_EMBED_SWIFT_STANDARD_LIBRARIES = YES;
				BUNDLE_LOADER = "$(TEST_HOST)";
				CODE_SIGN_STYLE = Automatic;
				CURRENT_PROJECT_VERSION = 1;
				DEVELOPMENT_TEAM = XR9245G3HG;
				GENERATE_INFOPLIST_FILE = YES;
				IPHONEOS_DEPLOYMENT_TARGET = 17.5;
				MARKETING_VERSION = 1.0;
				PRODUCT_BUNDLE_IDENTIFIER = com.zombietron.HelloTests;
				PRODUCT_NAME = "$(TARGET_NAME)";
				SWIFT_EMIT_LOC_STRINGS = NO;
				SWIFT_VERSION = 5.0;
				TARGETED_DEVICE_FAMILY = "1,2";
				TEST_HOST = "$(BUILT_PRODUCTS_DIR)/Hello.app/$(BUNDLE_EXECUTABLE_FOLDER_PATH)/Hello";
			};
			name = Release;
		};
		8485B4C92C8FBB830018CAA1 /* Debug */ = {
			isa = XCBuildConfiguration;
			buildSettings = {
				ALWAYS_EMBED_SWIFT_STANDARD_LIBRARIES = YES;
				CODE_SIGN_STYLE = Automatic;
				CURRENT_PROJECT_VERSION = 1;
				DEVELOPMENT_TEAM = XR9245G3HG;
				GENERATE_INFOPLIST_FILE = YES;
				MARKETING_VERSION = 1.0;
				PRODUCT_BUNDLE_IDENTIFIER = com.zombietron.HelloUITests;
				PRODUCT_NAME = "$(TARGET_NAME)";
				SWIFT_EMIT_LOC_STRINGS = NO;
				SWIFT_VERSION = 5.0;
				TARGETED_DEVICE_FAMILY = "1,2";
				TEST_TARGET_NAME = Hello;
			};
			name = Debug;
		};
		8485B4CA2C8FBB830018CAA1 /* Release */ = {
			isa = XCBuildConfiguration;
			buildSettings = {
				ALWAYS_EMBED_SWIFT_STANDARD_LIBRARIES = YES;
				CODE_SIGN_STYLE = Automatic;
				CURRENT_PROJECT_VERSION = 1;
				DEVELOPMENT_TEAM = XR9245G3HG;
				GENERATE_INFOPLIST_FILE = YES;
				MARKETING_VERSION = 1.0;
				PRODUCT_BUNDLE_IDENTIFIER = com.zombietron.HelloUITests;
				PRODUCT_NAME = "$(TARGET_NAME)";
				SWIFT_EMIT_LOC_STRINGS = NO;
				SWIFT_VERSION = 5.0;
				TARGETED_DEVICE_FAMILY = "1,2";
				TEST_TARGET_NAME = Hello;
			};
			name = Release;
		};
/* End XCBuildConfiguration section */

/* Begin XCConfigurationList section */
		8485B4992C8FBB810018CAA1 /* Build configuration list for PBXProject "Hello" */ = {
			isa = XCConfigurationList;
			buildConfigurations = (
				8485B4C02C8FBB830018CAA1 /* Debug */,
				8485B4C12C8FBB830018CAA1 /* Release */,
			);
			defaultConfigurationIsVisible = 0;
			defaultConfigurationName = Release;
		};
		8485B4C22C8FBB830018CAA1 /* Build configuration list for PBXNativeTarget "Hello" */ = {
			isa = XCConfigurationList;
			buildConfigurations = (
				8485B4C32C8FBB830018CAA1 /* Debug */,
				8485B4C42C8FBB830018CAA1 /* Release */,
			);
			defaultConfigurationIsVisible = 0;
			defaultConfigurationName = Release;
		};
		8485B4C52C8FBB830018CAA1 /* Build configuration list for PBXNativeTarget "HelloTests" */ = {
			isa = XCConfigurationList;
			buildConfigurations = (
				8485B4C62C8FBB830018CAA1 /* Debug */,
				8485B4C72C8FBB830018CAA1 /* Release */,
			);
			defaultConfigurationIsVisible = 0;
			defaultConfigurationName = Release;
		};
		8485B4C82C8FBB830018CAA1 /* Build configuration list for PBXNativeTarget "HelloUITests" */ = {
			isa = XCConfigurationList;
			buildConfigurations = (
				8485B4C92C8FBB830018CAA1 /* Debug */,
				8485B4CA2C8FBB830018CAA1 /* Release */,
			);
			defaultConfigurationIsVisible = 0;
			defaultConfigurationName = Release;
		};
/* End XCConfigurationList section */

/* Begin XCRemoteSwiftPackageReference section */
		842DCC502D9D697D00ACA71D /* XCRemoteSwiftPackageReference "Grid" */ = {
			isa = XCRemoteSwiftPackageReference;
			repositoryURL = "https://github.com/exyte/Grid";
			requirement = {
				kind = upToNextMajorVersion;
				minimumVersion = 1.5.0;
			};
		};
		8479F38C2D78A1C900858CE9 /* XCRemoteSwiftPackageReference "SwiftUI-Refresher" */ = {
			isa = XCRemoteSwiftPackageReference;
			repositoryURL = "https://github.com/gh123man/SwiftUI-Refresher";
			requirement = {
				branch = master;
				kind = branch;
			};
		};
		84A35B442DAE82C000B4B656 /* XCRemoteSwiftPackageReference "swiftui-tab-bar" */ = {
			isa = XCRemoteSwiftPackageReference;
			repositoryURL = "https://github.com/zijievv/swiftui-tab-bar";
			requirement = {
				branch = main;
				kind = branch;
			};
		};
		84B1EF5F2DB272290078A0E0 /* XCRemoteSwiftPackageReference "FloatingButton" */ = {
			isa = XCRemoteSwiftPackageReference;
			repositoryURL = "https://github.com/exyte/FloatingButton";
			requirement = {
				branch = main;
				kind = branch;
			};
		};
		84BD32DA2DABF99000113BD2 /* XCRemoteSwiftPackageReference "Pages" */ = {
			isa = XCRemoteSwiftPackageReference;
			repositoryURL = "https://github.com/NickTheFreak97/Pages";
			requirement = {
				branch = master;
				kind = branch;
			};
		};
		84E6783C2DB3D86F00EAAF89 /* XCRemoteSwiftPackageReference "lottie-ios" */ = {
			isa = XCRemoteSwiftPackageReference;
			repositoryURL = "https://github.com/airbnb/lottie-ios";
			requirement = {
				branch = master;
				kind = branch;
			};
		};
/* End XCRemoteSwiftPackageReference section */

/* Begin XCSwiftPackageProductDependency section */
		842DCC4E2D9D695E00ACA71D /* Refresher */ = {
			isa = XCSwiftPackageProductDependency;
			package = 8479F38C2D78A1C900858CE9 /* XCRemoteSwiftPackageReference "SwiftUI-Refresher" */;
			productName = Refresher;
		};
		842DCC512D9D697D00ACA71D /* ExyteGrid */ = {
			isa = XCSwiftPackageProductDependency;
			package = 842DCC502D9D697D00ACA71D /* XCRemoteSwiftPackageReference "Grid" */;
			productName = ExyteGrid;
		};
		84A35B452DAE82C000B4B656 /* TabBarModule */ = {
			isa = XCSwiftPackageProductDependency;
			package = 84A35B442DAE82C000B4B656 /* XCRemoteSwiftPackageReference "swiftui-tab-bar" */;
			productName = TabBarModule;
		};
		84B1EF602DB272290078A0E0 /* FloatingButton */ = {
			isa = XCSwiftPackageProductDependency;
			package = 84B1EF5F2DB272290078A0E0 /* XCRemoteSwiftPackageReference "FloatingButton" */;
			productName = FloatingButton;
		};
		84BD32DB2DABF99000113BD2 /* Pages */ = {
			isa = XCSwiftPackageProductDependency;
			package = 84BD32DA2DABF99000113BD2 /* XCRemoteSwiftPackageReference "Pages" */;
			productName = Pages;
		};
		84E6783D2DB3D86F00EAAF89 /* Lottie */ = {
			isa = XCSwiftPackageProductDependency;
			package = 84E6783C2DB3D86F00EAAF89 /* XCRemoteSwiftPackageReference "lottie-ios" */;
			productName = Lottie;
		};
/* End XCSwiftPackageProductDependency section */
	};
	rootObject = 8485B4962C8FBB810018CAA1 /* Project object */;
}
